
Microsoft Visual Studio Solution File, Format Version 12.00
# Visual Studio Version 16
VisualStudioVersion = 16.0.29503.13
MinimumVisualStudioVersion = 10.0.40219.1
Project("{FAE04EC0-301F-11D3-BF4B-00C04F79EFBC}") = "EventsDWF", "EventsDWF\EventsDWF.csproj", "{D2018E6A-54C1-488E-B1E9-7AF4C343E1C1}"
EndProject
Project("{FAE04EC0-301F-11D3-BF4B-00C04F79EFBC}") = "BLL", "BLL\BLL.csproj", "{092954DD-6C01-4FC2-86FD-6A579B39354F}"
EndProject
Project("{FAE04EC0-301F-11D3-BF4B-00C04F79EFBC}") = "DAL", "DAL\DAL.csproj", "{66A7B999-3134-42D4-9B4C-D873B7E7FA30}"
EndProject
Project("{FAE04EC0-301F-11D3-BF4B-00C04F79EFBC}") = "Entities", "Entities\Entities.csproj", "{7AFA396B-9E4B-409B-AB80-D00CEDDA277F}"
EndProject
Global
	GlobalSection(SolutionConfigurationPlatforms) = preSolution
		Debug|Any CPU = Debug|Any CPU
		Release|Any CPU = Release|Any CPU
	EndGlobalSection
	GlobalSection(ProjectConfigurationPlatforms) = postSolution
		{D2018E6A-54C1-488E-B1E9-7AF4C343E1C1}.Debug|Any CPU.ActiveCfg = Debug|Any CPU
		{D2018E6A-54C1-488E-B1E9-7AF4C343E1C1}.Debug|Any CPU.Build.0 = Debug|Any CPU
		{D2018E6A-54C1-488E-B1E9-7AF4C343E1C1}.Release|Any CPU.ActiveCfg = Release|Any CPU
		{D2018E6A-54C1-488E-B1E9-7AF4C343E1C1}.Release|Any CPU.Build.0 = Release|Any CPU
		{092954DD-6C01-4FC2-86FD-6A579B39354F}.Debug|Any CPU.ActiveCfg = Debug|Any CPU
		{092954DD-6C01-4FC2-86FD-6A579B39354F}.Debug|Any CPU.Build.0 = Debug|Any CPU
		{092954DD-6C01-4FC2-86FD-6A579B39354F}.Release|Any CPU.ActiveCfg = Release|Any CPU
		{092954DD-6C01-4FC2-86FD-6A579B39354F}.Release|Any CPU.Build.0 = Release|Any CPU
		{66A7B999-3134-42D4-9B4C-D873B7E7FA30}.Debug|Any CPU.ActiveCfg = Debug|Any CPU
		{66A7B999-3134-42D4-9B4C-D873B7E7FA30}.Debug|Any CPU.Build.0 = Debug|Any CPU
		{66A7B999-3134-42D4-9B4C-D873B7E7FA30}.Release|Any CPU.ActiveCfg = Release|Any CPU
		{66A7B999-3134-42D4-9B4C-D873B7E7FA30}.Release|Any CPU.Build.0 = Release|Any CPU
		{7AFA396B-9E4B-409B-AB80-D00CEDDA277F}.Debug|Any CPU.ActiveCfg = Debug|Any CPU
		{7AFA396B-9E4B-409B-AB80-D00CEDDA277F}.Debug|Any CPU.Build.0 = Debug|Any CPU
		{7AFA396B-9E4B-409B-AB80-D00CEDDA277F}.Release|Any CPU.ActiveCfg = Release|Any CPU
		{7AFA396B-9E4B-409B-AB80-D00CEDDA277F}.Release|Any CPU.Build.0 = Release|Any CPU
	EndGlobalSection
	GlobalSection(SolutionProperties) = preSolution
		HideSolutionNode = FALSE
	EndGlobalSection
	GlobalSection(ExtensibilityGlobals) = postSolution
		SolutionGuid = {DB9C038B-2ABB-466E-A0CA-E716335BB050}
	EndGlobalSection
EndGlobal
