
Microsoft Visual Studio Solution File, Format Version 12.00
# Visual Studio Version 16
VisualStudioVersion = 16.0.29503.13
MinimumVisualStudioVersion = 10.0.40219.1
Project("{FAE04EC0-301F-11D3-BF4B-00C04F79EFBC}") = "EventsDWF", "EventsDWF\EventsDWF.csproj", "{D2018E6A-54C1-488E-B1E9-7AF4C343E1C1}"
EndProject
Project("{FAE04EC0-301F-11D3-BF4B-00C04F79EFBC}") = "DAL", "DAL\DAL.csproj", "{31F1218B-1DAC-4DDD-A578-A053220262E4}"
EndProject
Project("{FAE04EC0-301F-11D3-BF4B-00C04F79EFBC}") = "BLL", "BLL\BLL.csproj", "{D783BFA3-21E0-401C-85BF-3E968DB9ACAD}"
EndProject
Project("{FAE04EC0-301F-11D3-BF4B-00C04F79EFBC}") = "Entidades", "Entidades\Entidades.csproj", "{B80B76C7-B184-4040-BEAA-CE87D4628959}"
EndProject
Global
	GlobalSection(SolutionConfigurationPlatforms) = preSolution
		Debug|Any CPU = Debug|Any CPU
		Release|Any CPU = Release|Any CPU
	EndGlobalSection
	GlobalSection(ProjectConfigurationPlatforms) = postSolution
		{D2018E6A-54C1-488E-B1E9-7AF4C343E1C1}.Debug|Any CPU.ActiveCfg = Debug|Any CPU
		{D2018E6A-54C1-488E-B1E9-7AF4C343E1C1}.Debug|Any CPU.Build.0 = Debug|Any CPU
		{D2018E6A-54C1-488E-B1E9-7AF4C343E1C1}.Release|Any CPU.ActiveCfg = Release|Any CPU
		{D2018E6A-54C1-488E-B1E9-7AF4C343E1C1}.Release|Any CPU.Build.0 = Release|Any CPU
		{31F1218B-1DAC-4DDD-A578-A053220262E4}.Debug|Any CPU.ActiveCfg = Debug|Any CPU
		{31F1218B-1DAC-4DDD-A578-A053220262E4}.Debug|Any CPU.Build.0 = Debug|Any CPU
		{31F1218B-1DAC-4DDD-A578-A053220262E4}.Release|Any CPU.ActiveCfg = Release|Any CPU
		{31F1218B-1DAC-4DDD-A578-A053220262E4}.Release|Any CPU.Build.0 = Release|Any CPU
		{D783BFA3-21E0-401C-85BF-3E968DB9ACAD}.Debug|Any CPU.ActiveCfg = Debug|Any CPU
		{D783BFA3-21E0-401C-85BF-3E968DB9ACAD}.Debug|Any CPU.Build.0 = Debug|Any CPU
		{D783BFA3-21E0-401C-85BF-3E968DB9ACAD}.Release|Any CPU.ActiveCfg = Release|Any CPU
		{D783BFA3-21E0-401C-85BF-3E968DB9ACAD}.Release|Any CPU.Build.0 = Release|Any CPU
		{B80B76C7-B184-4040-BEAA-CE87D4628959}.Debug|Any CPU.ActiveCfg = Debug|Any CPU
		{B80B76C7-B184-4040-BEAA-CE87D4628959}.Debug|Any CPU.Build.0 = Debug|Any CPU
		{B80B76C7-B184-4040-BEAA-CE87D4628959}.Release|Any CPU.ActiveCfg = Release|Any CPU
		{B80B76C7-B184-4040-BEAA-CE87D4628959}.Release|Any CPU.Build.0 = Release|Any CPU
	EndGlobalSection
	GlobalSection(SolutionProperties) = preSolution
		HideSolutionNode = FALSE
	EndGlobalSection
	GlobalSection(ExtensibilityGlobals) = postSolution
		SolutionGuid = {DB9C038B-2ABB-466E-A0CA-E716335BB050}
	EndGlobalSection
EndGlobal
